
Microsoft Visual Studio Solution File, Format Version 12.00
# Visual Studio 15
VisualStudioVersion = 15.0.26124.0
MinimumVisualStudioVersion = 15.0.26124.0
Project("{FAE04EC0-301F-11D3-BF4B-00C04F79EFBC}") = "MakeHypar", "src\MakeHypar.csproj", "{02E5CA06-0C33-44AD-ABE3-F689353DF488}"
EndProject
Project("{FAE04EC0-301F-11D3-BF4B-00C04F79EFBC}") = "MakeHypar.Dependencies", "dependencies\MakeHypar.Dependencies.csproj", "{F949DACC-9E5C-45A7-BF4F-764C5A20A014}"
EndProject
Project("{FAE04EC0-301F-11D3-BF4B-00C04F79EFBC}") = "MakeHypar.Tests", "test\MakeHypar.Tests.csproj", "{450623C2-9E01-447E-AB13-A6E7152D084D}"
EndProject
Global
	GlobalSection(SolutionConfigurationPlatforms) = preSolution
		Debug|Any CPU = Debug|Any CPU
		Debug|x64 = Debug|x64
		Debug|x86 = Debug|x86
		Release|Any CPU = Release|Any CPU
		Release|x64 = Release|x64
		Release|x86 = Release|x86
	EndGlobalSection
	GlobalSection(SolutionProperties) = preSolution
		HideSolutionNode = FALSE
	EndGlobalSection
	GlobalSection(ProjectConfigurationPlatforms) = postSolution
		{02E5CA06-0C33-44AD-ABE3-F689353DF488}.Debug|Any CPU.ActiveCfg = Debug|Any CPU
		{02E5CA06-0C33-44AD-ABE3-F689353DF488}.Debug|Any CPU.Build.0 = Debug|Any CPU
		{02E5CA06-0C33-44AD-ABE3-F689353DF488}.Debug|x64.ActiveCfg = Debug|Any CPU
		{02E5CA06-0C33-44AD-ABE3-F689353DF488}.Debug|x64.Build.0 = Debug|Any CPU
		{02E5CA06-0C33-44AD-ABE3-F689353DF488}.Debug|x86.ActiveCfg = Debug|Any CPU
		{02E5CA06-0C33-44AD-ABE3-F689353DF488}.Debug|x86.Build.0 = Debug|Any CPU
		{02E5CA06-0C33-44AD-ABE3-F689353DF488}.Release|Any CPU.ActiveCfg = Release|Any CPU
		{02E5CA06-0C33-44AD-ABE3-F689353DF488}.Release|Any CPU.Build.0 = Release|Any CPU
		{02E5CA06-0C33-44AD-ABE3-F689353DF488}.Release|x64.ActiveCfg = Release|Any CPU
		{02E5CA06-0C33-44AD-ABE3-F689353DF488}.Release|x64.Build.0 = Release|Any CPU
		{02E5CA06-0C33-44AD-ABE3-F689353DF488}.Release|x86.ActiveCfg = Release|Any CPU
		{02E5CA06-0C33-44AD-ABE3-F689353DF488}.Release|x86.Build.0 = Release|Any CPU
		{F949DACC-9E5C-45A7-BF4F-764C5A20A014}.Debug|Any CPU.ActiveCfg = Debug|Any CPU
		{F949DACC-9E5C-45A7-BF4F-764C5A20A014}.Debug|Any CPU.Build.0 = Debug|Any CPU
		{F949DACC-9E5C-45A7-BF4F-764C5A20A014}.Debug|x64.ActiveCfg = Debug|Any CPU
		{F949DACC-9E5C-45A7-BF4F-764C5A20A014}.Debug|x64.Build.0 = Debug|Any CPU
		{F949DACC-9E5C-45A7-BF4F-764C5A20A014}.Debug|x86.ActiveCfg = Debug|Any CPU
		{F949DACC-9E5C-45A7-BF4F-764C5A20A014}.Debug|x86.Build.0 = Debug|Any CPU
		{F949DACC-9E5C-45A7-BF4F-764C5A20A014}.Release|Any CPU.ActiveCfg = Release|Any CPU
		{F949DACC-9E5C-45A7-BF4F-764C5A20A014}.Release|Any CPU.Build.0 = Release|Any CPU
		{F949DACC-9E5C-45A7-BF4F-764C5A20A014}.Release|x64.ActiveCfg = Release|Any CPU
		{F949DACC-9E5C-45A7-BF4F-764C5A20A014}.Release|x64.Build.0 = Release|Any CPU
		{F949DACC-9E5C-45A7-BF4F-764C5A20A014}.Release|x86.ActiveCfg = Release|Any CPU
		{F949DACC-9E5C-45A7-BF4F-764C5A20A014}.Release|x86.Build.0 = Release|Any CPU
		{450623C2-9E01-447E-AB13-A6E7152D084D}.Debug|Any CPU.ActiveCfg = Debug|Any CPU
		{450623C2-9E01-447E-AB13-A6E7152D084D}.Debug|Any CPU.Build.0 = Debug|Any CPU
		{450623C2-9E01-447E-AB13-A6E7152D084D}.Debug|x64.ActiveCfg = Debug|Any CPU
		{450623C2-9E01-447E-AB13-A6E7152D084D}.Debug|x64.Build.0 = Debug|Any CPU
		{450623C2-9E01-447E-AB13-A6E7152D084D}.Debug|x86.ActiveCfg = Debug|Any CPU
		{450623C2-9E01-447E-AB13-A6E7152D084D}.Debug|x86.Build.0 = Debug|Any CPU
		{450623C2-9E01-447E-AB13-A6E7152D084D}.Release|Any CPU.ActiveCfg = Release|Any CPU
		{450623C2-9E01-447E-AB13-A6E7152D084D}.Release|Any CPU.Build.0 = Release|Any CPU
		{450623C2-9E01-447E-AB13-A6E7152D084D}.Release|x64.ActiveCfg = Release|Any CPU
		{450623C2-9E01-447E-AB13-A6E7152D084D}.Release|x64.Build.0 = Release|Any CPU
		{450623C2-9E01-447E-AB13-A6E7152D084D}.Release|x86.ActiveCfg = Release|Any CPU
		{450623C2-9E01-447E-AB13-A6E7152D084D}.Release|x86.Build.0 = Release|Any CPU
	EndGlobalSection
EndGlobal
